
Microsoft Visual Studio Solution File, Format Version 12.00
# Visual Studio Version 16
VisualStudioVersion = 16.0.30413.136
MinimumVisualStudioVersion = 10.0.40219.1
Project("{9A19103F-16F7-4668-BE54-9A1E7A4F7556}") = "Restaurant", "Restaurant\Restaurant.csproj", "{7429A9B8-26DE-4645-8981-4CAA8B47DF00}"
EndProject
Project("{9A19103F-16F7-4668-BE54-9A1E7A4F7556}") = "BasicExample", "LightsCommand\BasicExample.csproj", "{88E37B02-C5CE-41CE-B2FE-C282038B808F}"
EndProject
Global
	GlobalSection(SolutionConfigurationPlatforms) = preSolution
		Debug|Any CPU = Debug|Any CPU
		Release|Any CPU = Release|Any CPU
	EndGlobalSection
	GlobalSection(ProjectConfigurationPlatforms) = postSolution
		{7429A9B8-26DE-4645-8981-4CAA8B47DF00}.Debug|Any CPU.ActiveCfg = Debug|Any CPU
		{7429A9B8-26DE-4645-8981-4CAA8B47DF00}.Debug|Any CPU.Build.0 = Debug|Any CPU
		{7429A9B8-26DE-4645-8981-4CAA8B47DF00}.Release|Any CPU.ActiveCfg = Release|Any CPU
		{7429A9B8-26DE-4645-8981-4CAA8B47DF00}.Release|Any CPU.Build.0 = Release|Any CPU
		{88E37B02-C5CE-41CE-B2FE-C282038B808F}.Debug|Any CPU.ActiveCfg = Debug|Any CPU
		{88E37B02-C5CE-41CE-B2FE-C282038B808F}.Debug|Any CPU.Build.0 = Debug|Any CPU
		{88E37B02-C5CE-41CE-B2FE-C282038B808F}.Release|Any CPU.ActiveCfg = Release|Any CPU
		{88E37B02-C5CE-41CE-B2FE-C282038B808F}.Release|Any CPU.Build.0 = Release|Any CPU
	EndGlobalSection
	GlobalSection(SolutionProperties) = preSolution
		HideSolutionNode = FALSE
	EndGlobalSection
	GlobalSection(ExtensibilityGlobals) = postSolution
		SolutionGuid = {EF1C3FEE-57AF-47CC-B80B-3CBAB6FD9D77}
	EndGlobalSection
EndGlobal
