
Microsoft Visual Studio Solution File, Format Version 12.00
# Visual Studio Version 16
VisualStudioVersion = 16.0.30413.136
MinimumVisualStudioVersion = 10.0.40219.1
Project("{FAE04EC0-301F-11D3-BF4B-00C04F79EFBC}") = "Flashlight", "Flashlight\Flashlight.csproj", "{D906C08F-A764-4CCD-A24B-AA38331B7F2F}"
EndProject
Project("{FAE04EC0-301F-11D3-BF4B-00C04F79EFBC}") = "FlashlightApplication", "FlashlightApplication\FlashlightApplication.csproj", "{F7F44606-EFA9-4B13-8332-B69D1EB7A85F}"
EndProject
Global
	GlobalSection(SolutionConfigurationPlatforms) = preSolution
		Debug|Any CPU = Debug|Any CPU
		Release|Any CPU = Release|Any CPU
	EndGlobalSection
	GlobalSection(ProjectConfigurationPlatforms) = postSolution
		{D906C08F-A764-4CCD-A24B-AA38331B7F2F}.Debug|Any CPU.ActiveCfg = Debug|Any CPU
		{D906C08F-A764-4CCD-A24B-AA38331B7F2F}.Debug|Any CPU.Build.0 = Debug|Any CPU
		{D906C08F-A764-4CCD-A24B-AA38331B7F2F}.Release|Any CPU.ActiveCfg = Release|Any CPU
		{D906C08F-A764-4CCD-A24B-AA38331B7F2F}.Release|Any CPU.Build.0 = Release|Any CPU
		{F7F44606-EFA9-4B13-8332-B69D1EB7A85F}.Debug|Any CPU.ActiveCfg = Debug|Any CPU
		{F7F44606-EFA9-4B13-8332-B69D1EB7A85F}.Debug|Any CPU.Build.0 = Debug|Any CPU
		{F7F44606-EFA9-4B13-8332-B69D1EB7A85F}.Release|Any CPU.ActiveCfg = Release|Any CPU
		{F7F44606-EFA9-4B13-8332-B69D1EB7A85F}.Release|Any CPU.Build.0 = Release|Any CPU
	EndGlobalSection
	GlobalSection(SolutionProperties) = preSolution
		HideSolutionNode = FALSE
	EndGlobalSection
	GlobalSection(ExtensibilityGlobals) = postSolution
		SolutionGuid = {D03E46EC-502E-45A7-9A97-D857AD9DE2C2}
	EndGlobalSection
EndGlobal
